
Microsoft Visual Studio Solution File, Format Version 12.00
# Visual Studio Version 17
VisualStudioVersion = 17.10.35004.147
MinimumVisualStudioVersion = 10.0.40219.1
Project("{FAE04EC0-301F-11D3-BF4B-00C04F79EFBC}") = "SubtitulosDensos", "SubtitulosDensos\SubtitulosDensos.csproj", "{91E916E0-C0AA-42BD-86B9-EDD18A797155}"
EndProject
Global
	GlobalSection(SolutionConfigurationPlatforms) = preSolution
		Debug|Any CPU = Debug|Any CPU
		Release|Any CPU = Release|Any CPU
	EndGlobalSection
	GlobalSection(ProjectConfigurationPlatforms) = postSolution
		{91E916E0-C0AA-42BD-86B9-EDD18A797155}.Debug|Any CPU.ActiveCfg = Debug|Any CPU
		{91E916E0-C0AA-42BD-86B9-EDD18A797155}.Debug|Any CPU.Build.0 = Debug|Any CPU
		{91E916E0-C0AA-42BD-86B9-EDD18A797155}.Release|Any CPU.ActiveCfg = Release|Any CPU
		{91E916E0-C0AA-42BD-86B9-EDD18A797155}.Release|Any CPU.Build.0 = Release|Any CPU
	EndGlobalSection
	GlobalSection(SolutionProperties) = preSolution
		HideSolutionNode = FALSE
	EndGlobalSection
	GlobalSection(ExtensibilityGlobals) = postSolution
		SolutionGuid = {4EE17468-2295-4506-83F6-991C207F9A29}
	EndGlobalSection
EndGlobal
